
Microsoft Visual Studio Solution File, Format Version 12.00
# Visual Studio Version 17
VisualStudioVersion = 17.4.33122.133
MinimumVisualStudioVersion = 10.0.40219.1
Project("{FAE04EC0-301F-11D3-BF4B-00C04F79EFBC}") = "ObjectRemote", "ObjectRemote.csproj", "{5B42EBCC-FA0A-4C3F-A234-C5D1527C0EEA}"
EndProject
Global
	GlobalSection(SolutionConfigurationPlatforms) = preSolution
		Debug|Any CPU = Debug|Any CPU
		Release|Any CPU = Release|Any CPU
	EndGlobalSection
	GlobalSection(ProjectConfigurationPlatforms) = postSolution
		{5B42EBCC-FA0A-4C3F-A234-C5D1527C0EEA}.Debug|Any CPU.ActiveCfg = Debug|Any CPU
		{5B42EBCC-FA0A-4C3F-A234-C5D1527C0EEA}.Debug|Any CPU.Build.0 = Debug|Any CPU
		{5B42EBCC-FA0A-4C3F-A234-C5D1527C0EEA}.Release|Any CPU.ActiveCfg = Release|Any CPU
		{5B42EBCC-FA0A-4C3F-A234-C5D1527C0EEA}.Release|Any CPU.Build.0 = Release|Any CPU
	EndGlobalSection
	GlobalSection(SolutionProperties) = preSolution
		HideSolutionNode = FALSE
	EndGlobalSection
	GlobalSection(ExtensibilityGlobals) = postSolution
		SolutionGuid = {A4114849-EEBC-4E8F-955F-BEBC9D17BDA7}
	EndGlobalSection
EndGlobal
